// !$*UTF8*$!
{
	archiveVersion = 1;
	classes = {
	};
	objectVersion = 46;
	objects = {

/* Begin PBXBuildFile section */
		584148AD1F4187D300BEBDB8 /* AppDelegate.swift in Sources */ = {isa = PBXBuildFile; fileRef = 584148AC1F4187D300BEBDB8 /* AppDelegate.swift */; };
		584148AF1F4187D300BEBDB8 /* ViewController.swift in Sources */ = {isa = PBXBuildFile; fileRef = 584148AE1F4187D300BEBDB8 /* ViewController.swift */; };
		584148B21F4187D300BEBDB8 /* Main.storyboard in Resources */ = {isa = PBXBuildFile; fileRef = 584148B01F4187D300BEBDB8 /* Main.storyboard */; };
		584148B41F4187D300BEBDB8 /* Assets.xcassets in Resources */ = {isa = PBXBuildFile; fileRef = 584148B31F4187D300BEBDB8 /* Assets.xcassets */; };
		584148B71F4187D300BEBDB8 /* LaunchScreen.storyboard in Resources */ = {isa = PBXBuildFile; fileRef = 584148B51F4187D300BEBDB8 /* LaunchScreen.storyboard */; };
		584148C21F4187D300BEBDB8 /* demoTests.swift in Sources */ = {isa = PBXBuildFile; fileRef = 584148C11F4187D300BEBDB8 /* demoTests.swift */; };
		584148CD1F4187D300BEBDB8 /* demoUITests.swift in Sources */ = {isa = PBXBuildFile; fileRef = 584148CC1F4187D300BEBDB8 /* demoUITests.swift */; };
/* End PBXBuildFile section */

/* Begin PBXContainerItemProxy section */
		584148BE1F4187D300BEBDB8 /* PBXContainerItemProxy */ = {
			isa = PBXContainerItemProxy;
			containerPortal = 584148A11F4187D300BEBDB8 /* Project object */;
			proxyType = 1;
			remoteGlobalIDString = 584148A81F4187D300BEBDB8;
			remoteInfo = demo;
		};
		584148C91F4187D300BEBDB8 /* PBXContainerItemProxy */ = {
			isa = PBXContainerItemProxy;
			containerPortal = 584148A11F4187D300BEBDB8 /* Project object */;
			proxyType = 1;
			remoteGlobalIDString = 584148A81F4187D300BEBDB8;
			remoteInfo = demo;
		};
/* End PBXContainerItemProxy section */

/* Begin PBXFileReference section */
		584148A91F4187D300BEBDB8 /* demo.app */ = {isa = PBXFileReference; explicitFileType = wrapper.application; includeInIndex = 0; path = demo.app; sourceTree = BUILT_PRODUCTS_DIR; };
		584148AC1F4187D300BEBDB8 /* AppDelegate.swift */ = {isa = PBXFileReference; lastKnownFileType = sourcecode.swift; path = AppDelegate.swift; sourceTree = "<group>"; };
		584148AE1F4187D300BEBDB8 /* ViewController.swift */ = {isa = PBXFileReference; lastKnownFileType = sourcecode.swift; path = ViewController.swift; sourceTree = "<group>"; };
		584148B11F4187D300BEBDB8 /* Base */ = {isa = PBXFileReference; lastKnownFileType = file.storyboard; name = Base; path = Base.lproj/Main.storyboard; sourceTree = "<group>"; };
		584148B31F4187D300BEBDB8 /* Assets.xcassets */ = {isa = PBXFileReference; lastKnownFileType = folder.assetcatalog; path = Assets.xcassets; sourceTree = "<group>"; };
		584148B61F4187D300BEBDB8 /* Base */ = {isa = PBXFileReference; lastKnownFileType = file.storyboard; name = Base; path = Base.lproj/LaunchScreen.storyboard; sourceTree = "<group>"; };
		584148B81F4187D300BEBDB8 /* Info.plist */ = {isa = PBXFileReference; lastKnownFileType = text.plist.xml; path = Info.plist; sourceTree = "<group>"; };
		584148BD1F4187D300BEBDB8 /* demoTests.xctest */ = {isa = PBXFileReference; explicitFileType = wrapper.cfbundle; includeInIndex = 0; path = demoTests.xctest; sourceTree = BUILT_PRODUCTS_DIR; };
		584148C11F4187D300BEBDB8 /* demoTests.swift */ = {isa = PBXFileReference; lastKnownFileType = sourcecode.swift; path = demoTests.swift; sourceTree = "<group>"; };
		584148C31F4187D300BEBDB8 /* Info.plist */ = {isa = PBXFileReference; lastKnownFileType = text.plist.xml; path = Info.plist; sourceTree = "<group>"; };
		584148C81F4187D300BEBDB8 /* demoUITests.xctest */ = {isa = PBXFileReference; explicitFileType = wrapper.cfbundle; includeInIndex = 0; path = demoUITests.xctest; sourceTree = BUILT_PRODUCTS_DIR; };
		584148CC1F4187D300BEBDB8 /* demoUITests.swift */ = {isa = PBXFileReference; lastKnownFileType = sourcecode.swift; path = demoUITests.swift; sourceTree = "<group>"; };
		584148CE1F4187D300BEBDB8 /* Info.plist */ = {isa = PBXFileReference; lastKnownFileType = text.plist.xml; path = Info.plist; sourceTree = "<group>"; };
/* End PBXFileReference section */

/* Begin PBXFrameworksBuildPhase section */
		584148A61F4187D300BEBDB8 /* Frameworks */ = {
			isa = PBXFrameworksBuildPhase;
			buildActionMask = 2147483647;
			files = (
			);
			runOnlyForDeploymentPostprocessing = 0;
		};
		584148BA1F4187D300BEBDB8 /* Frameworks */ = {
			isa = PBXFrameworksBuildPhase;
			buildActionMask = 2147483647;
			files = (
			);
			runOnlyForDeploymentPostprocessing = 0;
		};
		584148C51F4187D300BEBDB8 /* Frameworks */ = {
			isa = PBXFrameworksBuildPhase;
			buildActionMask = 2147483647;
			files = (
			);
			runOnlyForDeploymentPostprocessing = 0;
		};
/* End PBXFrameworksBuildPhase section */

/* Begin PBXGroup section */
		584148A01F4187D300BEBDB8 = {
			isa = PBXGroup;
			children = (
				584148AB1F4187D300BEBDB8 /* demo */,
				584148C01F4187D300BEBDB8 /* demoTests */,
				584148CB1F4187D300BEBDB8 /* demoUITests */,
				584148AA1F4187D300BEBDB8 /* Products */,
			);
			sourceTree = "<group>";
		};
		584148AA1F4187D300BEBDB8 /* Products */ = {
			isa = PBXGroup;
			children = (
				584148A91F4187D300BEBDB8 /* demo.app */,
				584148BD1F4187D300BEBDB8 /* demoTests.xctest */,
				584148C81F4187D300BEBDB8 /* demoUITests.xctest */,
			);
			name = Products;
			sourceTree = "<group>";
		};
		584148AB1F4187D300BEBDB8 /* demo */ = {
			isa = PBXGroup;
			children = (
				584148AC1F4187D300BEBDB8 /* AppDelegate.swift */,
				584148AE1F4187D300BEBDB8 /* ViewController.swift */,
				584148B01F4187D300BEBDB8 /* Main.storyboard */,
				584148B31F4187D300BEBDB8 /* Assets.xcassets */,
				584148B51F4187D300BEBDB8 /* LaunchScreen.storyboard */,
				584148B81F4187D300BEBDB8 /* Info.plist */,
			);
			path = demo;
			sourceTree = "<group>";
		};
		584148C01F4187D300BEBDB8 /* demoTests */ = {
			isa = PBXGroup;
			children = (
				584148C11F4187D300BEBDB8 /* demoTests.swift */,
				584148C31F4187D300BEBDB8 /* Info.plist */,
			);
			path = demoTests;
			sourceTree = "<group>";
		};
		584148CB1F4187D300BEBDB8 /* demoUITests */ = {
			isa = PBXGroup;
			children = (
				584148CC1F4187D300BEBDB8 /* demoUITests.swift */,
				584148CE1F4187D300BEBDB8 /* Info.plist */,
			);
			path = demoUITests;
			sourceTree = "<group>";
		};
/* End PBXGroup section */

/* Begin PBXNativeTarget section */
		584148A81F4187D300BEBDB8 /* demo */ = {
			isa = PBXNativeTarget;
			buildConfigurationList = 584148D11F4187D300BEBDB8 /* Build configuration list for PBXNativeTarget "demo" */;
			buildPhases = (
				584148A51F4187D300BEBDB8 /* Sources */,
				584148A61F4187D300BEBDB8 /* Frameworks */,
				584148A71F4187D300BEBDB8 /* Resources */,
			);
			buildRules = (
			);
			dependencies = (
			);
			name = demo;
			productName = demo;
			productReference = 584148A91F4187D300BEBDB8 /* demo.app */;
			productType = "com.apple.product-type.application";
		};
		584148BC1F4187D300BEBDB8 /* demoTests */ = {
			isa = PBXNativeTarget;
			buildConfigurationList = 584148D41F4187D300BEBDB8 /* Build configuration list for PBXNativeTarget "demoTests" */;
			buildPhases = (
				584148B91F4187D300BEBDB8 /* Sources */,
				584148BA1F4187D300BEBDB8 /* Frameworks */,
				584148BB1F4187D300BEBDB8 /* Resources */,
			);
			buildRules = (
			);
			dependencies = (
				584148BF1F4187D300BEBDB8 /* PBXTargetDependency */,
			);
			name = demoTests;
			productName = demoTests;
			productReference = 584148BD1F4187D300BEBDB8 /* demoTests.xctest */;
			productType = "com.apple.product-type.bundle.unit-test";
		};
		584148C71F4187D300BEBDB8 /* demoUITests */ = {
			isa = PBXNativeTarget;
			buildConfigurationList = 584148D71F4187D300BEBDB8 /* Build configuration list for PBXNativeTarget "demoUITests" */;
			buildPhases = (
				584148C41F4187D300BEBDB8 /* Sources */,
				584148C51F4187D300BEBDB8 /* Frameworks */,
				584148C61F4187D300BEBDB8 /* Resources */,
			);
			buildRules = (
			);
			dependencies = (
				584148CA1F4187D300BEBDB8 /* PBXTargetDependency */,
			);
			name = demoUITests;
			productName = demoUITests;
			productReference = 584148C81F4187D300BEBDB8 /* demoUITests.xctest */;
			productType = "com.apple.product-type.bundle.ui-testing";
		};
/* End PBXNativeTarget section */

/* Begin PBXProject section */
		584148A11F4187D300BEBDB8 /* Project object */ = {
			isa = PBXProject;
			attributes = {
				LastSwiftUpdateCheck = 0830;
				LastUpgradeCheck = 0830;
				ORGANIZATIONNAME = "Harvey He";
				TargetAttributes = {
					584148A81F4187D300BEBDB8 = {
						CreatedOnToolsVersion = 8.3.3;
						DevelopmentTeam = F29MNDM4PA;
						ProvisioningStyle = Automatic;
					};
					584148BC1F4187D300BEBDB8 = {
						CreatedOnToolsVersion = 8.3.3;
						DevelopmentTeam = F29MNDM4PA;
						ProvisioningStyle = Automatic;
						TestTargetID = 584148A81F4187D300BEBDB8;
					};
					584148C71F4187D300BEBDB8 = {
						CreatedOnToolsVersion = 8.3.3;
						DevelopmentTeam = F29MNDM4PA;
						ProvisioningStyle = Automatic;
						TestTargetID = 584148A81F4187D300BEBDB8;
					};
				};
			};
			buildConfigurationList = 584148A41F4187D300BEBDB8 /* Build configuration list for PBXProject "demo" */;
			compatibilityVersion = "Xcode 3.2";
			developmentRegion = English;
			hasScannedForEncodings = 0;
			knownRegions = (
				en,
				Base,
			);
			mainGroup = 584148A01F4187D300BEBDB8;
			productRefGroup = 584148AA1F4187D300BEBDB8 /* Products */;
			projectDirPath = "";
			projectRoot = "";
			targets = (
				584148A81F4187D300BEBDB8 /* demo */,
				584148BC1F4187D300BEBDB8 /* demoTests */,
				584148C71F4187D300BEBDB8 /* demoUITests */,
			);
		};
/* End PBXProject section */

/* Begin PBXResourcesBuildPhase section */
		584148A71F4187D300BEBDB8 /* Resources */ = {
			isa = PBXResourcesBuildPhase;
			buildActionMask = 2147483647;
			files = (
				584148B71F4187D300BEBDB8 /* LaunchScreen.storyboard in Resources */,
				584148B41F4187D300BEBDB8 /* Assets.xcassets in Resources */,
				584148B21F4187D300BEBDB8 /* Main.storyboard in Resources */,
			);
			runOnlyForDeploymentPostprocessing = 0;
		};
		584148BB1F4187D300BEBDB8 /* Resources */ = {
			isa = PBXResourcesBuildPhase;
			buildActionMask = 2147483647;
			files = (
			);
			runOnlyForDeploymentPostprocessing = 0;
		};
		584148C61F4187D300BEBDB8 /* Resources */ = {
			isa = PBXResourcesBuildPhase;
			buildActionMask = 2147483647;
			files = (
			);
			runOnlyForDeploymentPostprocessing = 0;
		};
/* End PBXResourcesBuildPhase section */

/* Begin PBXSourcesBuildPhase section */
		584148A51F4187D300BEBDB8 /* Sources */ = {
			isa = PBXSourcesBuildPhase;
			buildActionMask = 2147483647;
			files = (
				584148AF1F4187D300BEBDB8 /* ViewController.swift in Sources */,
				584148AD1F4187D300BEBDB8 /* AppDelegate.swift in Sources */,
			);
			runOnlyForDeploymentPostprocessing = 0;
		};
		584148B91F4187D300BEBDB8 /* Sources */ = {
			isa = PBXSourcesBuildPhase;
			buildActionMask = 2147483647;
			files = (
				584148C21F4187D300BEBDB8 /* demoTests.swift in Sources */,
			);
			runOnlyForDeploymentPostprocessing = 0;
		};
		584148C41F4187D300BEBDB8 /* Sources */ = {
			isa = PBXSourcesBuildPhase;
			buildActionMask = 2147483647;
			files = (
				584148CD1F4187D300BEBDB8 /* demoUITests.swift in Sources */,
			);
			runOnlyForDeploymentPostprocessing = 0;
		};
/* End PBXSourcesBuildPhase section */

/* Begin PBXTargetDependency section */
		584148BF1F4187D300BEBDB8 /* PBXTargetDependency */ = {
			isa = PBXTargetDependency;
			target = 584148A81F4187D300BEBDB8 /* demo */;
			targetProxy = 584148BE1F4187D300BEBDB8 /* PBXContainerItemProxy */;
		};
		584148CA1F4187D300BEBDB8 /* PBXTargetDependency */ = {
			isa = PBXTargetDependency;
			target = 584148A81F4187D300BEBDB8 /* demo */;
			targetProxy = 584148C91F4187D300BEBDB8 /* PBXContainerItemProxy */;
		};
/* End PBXTargetDependency section */

/* Begin PBXVariantGroup section */
		584148B01F4187D300BEBDB8 /* Main.storyboard */ = {
			isa = PBXVariantGroup;
			children = (
				584148B11F4187D300BEBDB8 /* Base */,
			);
			name = Main.storyboard;
			sourceTree = "<group>";
		};
		584148B51F4187D300BEBDB8 /* LaunchScreen.storyboard */ = {
			isa = PBXVariantGroup;
			children = (
				584148B61F4187D300BEBDB8 /* Base */,
			);
			name = LaunchScreen.storyboard;
			sourceTree = "<group>";
		};
/* End PBXVariantGroup section */

/* Begin XCBuildConfiguration section */
		584148CF1F4187D300BEBDB8 /* Debug */ = {
			isa = XCBuildConfiguration;
			buildSettings = {
				ALWAYS_SEARCH_USER_PATHS = NO;
				CLANG_ANALYZER_NONNULL = YES;
				CLANG_ANALYZER_NUMBER_OBJECT_CONVERSION = YES_AGGRESSIVE;
				CLANG_CXX_LANGUAGE_STANDARD = "gnu++0x";
				CLANG_CXX_LIBRARY = "libc++";
				CLANG_ENABLE_MODULES = YES;
				CLANG_ENABLE_OBJC_ARC = YES;
				CLANG_WARN_BOOL_CONVERSION = YES;
				CLANG_WARN_CONSTANT_CONVERSION = YES;
				CLANG_WARN_DIRECT_OBJC_ISA_USAGE = YES_ERROR;
				CLANG_WARN_DOCUMENTATION_COMMENTS = YES;
				CLANG_WARN_EMPTY_BODY = YES;
				CLANG_WARN_ENUM_CONVERSION = YES;
				CLANG_WARN_INFINITE_RECURSION = YES;
				CLANG_WARN_INT_CONVERSION = YES;
				CLANG_WARN_OBJC_ROOT_CLASS = YES_ERROR;
				CLANG_WARN_SUSPICIOUS_MOVE = YES;
				CLANG_WARN_UNREACHABLE_CODE = YES;
				CLANG_WARN__DUPLICATE_METHOD_MATCH = YES;
				"CODE_SIGN_IDENTITY[sdk=iphoneos*]" = "iPhone Developer";
				COPY_PHASE_STRIP = NO;
				DEBUG_INFORMATION_FORMAT = dwarf;
				ENABLE_STRICT_OBJC_MSGSEND = YES;
				ENABLE_TESTABILITY = YES;
				GCC_C_LANGUAGE_STANDARD = gnu99;
				GCC_DYNAMIC_NO_PIC = NO;
				GCC_NO_COMMON_BLOCKS = YES;
				GCC_OPTIMIZATION_LEVEL = 0;
				GCC_PREPROCESSOR_DEFINITIONS = (
					"DEBUG=1",
					"$(inherited)",
				);
				GCC_WARN_64_TO_32_BIT_CONVERSION = YES;
				GCC_WARN_ABOUT_RETURN_TYPE = YES_ERROR;
				GCC_WARN_UNDECLARED_SELECTOR = YES;
				GCC_WARN_UNINITIALIZED_AUTOS = YES_AGGRESSIVE;
				GCC_WARN_UNUSED_FUNCTION = YES;
				GCC_WARN_UNUSED_VARIABLE = YES;
				IPHONEOS_DEPLOYMENT_TARGET = 10.3;
				MTL_ENABLE_DEBUG_INFO = YES;
				ONLY_ACTIVE_ARCH = YES;
				SDKROOT = iphoneos;
				SWIFT_ACTIVE_COMPILATION_CONDITIONS = DEBUG;
				SWIFT_OPTIMIZATION_LEVEL = "-Onone";
			};
			name = Debug;
		};
		584148D01F4187D300BEBDB8 /* Release */ = {
			isa = XCBuildConfiguration;
			buildSettings = {
				ALWAYS_SEARCH_USER_PATHS = NO;
				CLANG_ANALYZER_NONNULL = YES;
				CLANG_ANALYZER_NUMBER_OBJECT_CONVERSION = YES_AGGRESSIVE;
				CLANG_CXX_LANGUAGE_STANDARD = "gnu++0x";
				CLANG_CXX_LIBRARY = "libc++";
				CLANG_ENABLE_MODULES = YES;
				CLANG_ENABLE_OBJC_ARC = YES;
				CLANG_WARN_BOOL_CONVERSION = YES;
				CLANG_WARN_CONSTANT_CONVERSION = YES;
				CLANG_WARN_DIRECT_OBJC_ISA_USAGE = YES_ERROR;
				CLANG_WARN_DOCUMENTATION_COMMENTS = YES;
				CLANG_WARN_EMPTY_BODY = YES;
				CLANG_WARN_ENUM_CONVERSION = YES;
				CLANG_WARN_INFINITE_RECURSION = YES;
				CLANG_WARN_INT_CONVERSION = YES;
				CLANG_WARN_OBJC_ROOT_CLASS = YES_ERROR;
				CLANG_WARN_SUSPICIOUS_MOVE = YES;
				CLANG_WARN_UNREACHABLE_CODE = YES;
				CLANG_WARN__DUPLICATE_METHOD_MATCH = YES;
				"CODE_SIGN_IDENTITY[sdk=iphoneos*]" = "iPhone Developer";
				COPY_PHASE_STRIP = NO;
				DEBUG_INFORMATION_FORMAT = "dwarf-with-dsym";
				ENABLE_NS_ASSERTIONS = NO;
				ENABLE_STRICT_OBJC_MSGSEND = YES;
				GCC_C_LANGUAGE_STANDARD = gnu99;
				GCC_NO_COMMON_BLOCKS = YES;
				GCC_WARN_64_TO_32_BIT_CONVERSION = YES;
				GCC_WARN_ABOUT_RETURN_TYPE = YES_ERROR;
				GCC_WARN_UNDECLARED_SELECTOR = YES;
				GCC_WARN_UNINITIALIZED_AUTOS = YES_AGGRESSIVE;
				GCC_WARN_UNUSED_FUNCTION = YES;
				GCC_WARN_UNUSED_VARIABLE = YES;
				IPHONEOS_DEPLOYMENT_TARGET = 10.3;
				MTL_ENABLE_DEBUG_INFO = NO;
				SDKROOT = iphoneos;
				SWIFT_OPTIMIZATION_LEVEL = "-Owholemodule";
				VALIDATE_PRODUCT = YES;
			};
			name = Release;
		};
		584148D21F4187D300BEBDB8 /* Debug */ = {
			isa = XCBuildConfiguration;
			buildSettings = {
				ASSETCATALOG_COMPILER_APPICON_NAME = AppIcon;
				DEVELOPMENT_TEAM = F29MNDM4PA;
				INFOPLIST_FILE = demo/Info.plist;
				LD_RUNPATH_SEARCH_PATHS = "$(inherited) @executable_path/Frameworks";
				PRODUCT_BUNDLE_IDENTIFIER = com.microduino.demo;
				PRODUCT_NAME = "$(TARGET_NAME)";
				SWIFT_VERSION = 3.0;
			};
			name = Debug;
		};
		584148D31F4187D300BEBDB8 /* Release */ = {
			isa = XCBuildConfiguration;
			buildSettings = {
				ASSETCATALOG_COMPILER_APPICON_NAME = AppIcon;
				DEVELOPMENT_TEAM = F29MNDM4PA;
				INFOPLIST_FILE = demo/Info.plist;
				LD_RUNPATH_SEARCH_PATHS = "$(inherited) @executable_path/Frameworks";
				PRODUCT_BUNDLE_IDENTIFIER = com.microduino.demo;
				PRODUCT_NAME = "$(TARGET_NAME)";
				SWIFT_VERSION = 3.0;
			};
			name = Release;
		};
		584148D51F4187D300BEBDB8 /* Debug */ = {
			isa = XCBuildConfiguration;
			buildSettings = {
				ALWAYS_EMBED_SWIFT_STANDARD_LIBRARIES = YES;
				BUNDLE_LOADER = "$(TEST_HOST)";
				DEVELOPMENT_TEAM = F29MNDM4PA;
				INFOPLIST_FILE = demoTests/Info.plist;
				LD_RUNPATH_SEARCH_PATHS = "$(inherited) @executable_path/Frameworks @loader_path/Frameworks";
				PRODUCT_BUNDLE_IDENTIFIER = com.microduino.demoTests;
				PRODUCT_NAME = "$(TARGET_NAME)";
				SWIFT_VERSION = 3.0;
				TEST_HOST = "$(BUILT_PRODUCTS_DIR)/demo.app/demo";
			};
			name = Debug;
		};
		584148D61F4187D300BEBDB8 /* Release */ = {
			isa = XCBuildConfiguration;
			buildSettings = {
				ALWAYS_EMBED_SWIFT_STANDARD_LIBRARIES = YES;
				BUNDLE_LOADER = "$(TEST_HOST)";
				DEVELOPMENT_TEAM = F29MNDM4PA;
				INFOPLIST_FILE = demoTests/Info.plist;
				LD_RUNPATH_SEARCH_PATHS = "$(inherited) @executable_path/Frameworks @loader_path/Frameworks";
				PRODUCT_BUNDLE_IDENTIFIER = com.microduino.demoTests;
				PRODUCT_NAME = "$(TARGET_NAME)";
				SWIFT_VERSION = 3.0;
				TEST_HOST = "$(BUILT_PRODUCTS_DIR)/demo.app/demo";
			};
			name = Release;
		};
		584148D81F4187D300BEBDB8 /* Debug */ = {
			isa = XCBuildConfiguration;
			buildSettings = {
				ALWAYS_EMBED_SWIFT_STANDARD_LIBRARIES = YES;
				DEVELOPMENT_TEAM = F29MNDM4PA;
				INFOPLIST_FILE = demoUITests/Info.plist;
				LD_RUNPATH_SEARCH_PATHS = "$(inherited) @executable_path/Frameworks @loader_path/Frameworks";
				PRODUCT_BUNDLE_IDENTIFIER = com.microduino.demoUITests;
				PRODUCT_NAME = "$(TARGET_NAME)";
				SWIFT_VERSION = 3.0;
				TEST_TARGET_NAME = demo;
			};
			name = Debug;
		};
		584148D91F4187D300BEBDB8 /* Release */ = {
			isa = XCBuildConfiguration;
			buildSettings = {
				ALWAYS_EMBED_SWIFT_STANDARD_LIBRARIES = YES;
				DEVELOPMENT_TEAM = F29MNDM4PA;
				INFOPLIST_FILE = demoUITests/Info.plist;
				LD_RUNPATH_SEARCH_PATHS = "$(inherited) @executable_path/Frameworks @loader_path/Frameworks";
				PRODUCT_BUNDLE_IDENTIFIER = com.microduino.demoUITests;
				PRODUCT_NAME = "$(TARGET_NAME)";
				SWIFT_VERSION = 3.0;
				TEST_TARGET_NAME = demo;
			};
			name = Release;
		};
/* End XCBuildConfiguration section */

/* Begin XCConfigurationList section */
		584148A41F4187D300BEBDB8 /* Build configuration list for PBXProject "demo" */ = {
			isa = XCConfigurationList;
			buildConfigurations = (
				584148CF1F4187D300BEBDB8 /* Debug */,
				584148D01F4187D300BEBDB8 /* Release */,
			);
			defaultConfigurationIsVisible = 0;
			defaultConfigurationName = Release;
		};
		584148D11F4187D300BEBDB8 /* Build configuration list for PBXNativeTarget "demo" */ = {
			isa = XCConfigurationList;
			buildConfigurations = (
				584148D21F4187D300BEBDB8 /* Debug */,
				584148D31F4187D300BEBDB8 /* Release */,
			);
			defaultConfigurationIsVisible = 0;
		};
		584148D41F4187D300BEBDB8 /* Build configuration list for PBXNativeTarget "demoTests" */ = {
			isa = XCConfigurationList;
			buildConfigurations = (
				584148D51F4187D300BEBDB8 /* Debug */,
				584148D61F4187D300BEBDB8 /* Release */,
			);
			defaultConfigurationIsVisible = 0;
		};
		584148D71F4187D300BEBDB8 /* Build configuration list for PBXNativeTarget "demoUITests" */ = {
			isa = XCConfigurationList;
			buildConfigurations = (
				584148D81F4187D300BEBDB8 /* Debug */,
				584148D91F4187D300BEBDB8 /* Release */,
			);
			defaultConfigurationIsVisible = 0;
		};
/* End XCConfigurationList section */
	};
	rootObject = 584148A11F4187D300BEBDB8 /* Project object */;
}
